// !$*UTF8*$!
{
	archiveVersion = 1;
	classes = {
	};
	objectVersion = 50;
	objects = {

/* Begin PBXBuildFile section */
		DFEFE9DC23321E7400E13BA7 /* AppDelegate.swift in Sources */ = {isa = PBXBuildFile; fileRef = DFEFE9DB23321E7400E13BA7 /* AppDelegate.swift */; };
		DFEFE9DE23321E7400E13BA7 /* ViewController.swift in Sources */ = {isa = PBXBuildFile; fileRef = DFEFE9DD23321E7400E13BA7 /* ViewController.swift */; };
		DFEFE9E123321E7400E13BA7 /* Main.storyboard in Resources */ = {isa = PBXBuildFile; fileRef = DFEFE9DF23321E7400E13BA7 /* Main.storyboard */; };
		DFEFE9E323321E7700E13BA7 /* Assets.xcassets in Resources */ = {isa = PBXBuildFile; fileRef = DFEFE9E223321E7700E13BA7 /* Assets.xcassets */; };
		DFEFE9E623321E7700E13BA7 /* LaunchScreen.storyboard in Resources */ = {isa = PBXBuildFile; fileRef = DFEFE9E423321E7700E13BA7 /* LaunchScreen.storyboard */; };
		DFEFE9F123321E7700E13BA7 /* PhoneBookTests.swift in Sources */ = {isa = PBXBuildFile; fileRef = DFEFE9F023321E7700E13BA7 /* PhoneBookTests.swift */; };
		DFEFE9FC23321E7700E13BA7 /* PhoneBookUITests.swift in Sources */ = {isa = PBXBuildFile; fileRef = DFEFE9FB23321E7700E13BA7 /* PhoneBookUITests.swift */; };
/* End PBXBuildFile section */

/* Begin PBXContainerItemProxy section */
		DFEFE9ED23321E7700E13BA7 /* PBXContainerItemProxy */ = {
			isa = PBXContainerItemProxy;
			containerPortal = DFEFE9D023321E7400E13BA7 /* Project object */;
			proxyType = 1;
			remoteGlobalIDString = DFEFE9D723321E7400E13BA7;
			remoteInfo = PhoneBook;
		};
		DFEFE9F823321E7700E13BA7 /* PBXContainerItemProxy */ = {
			isa = PBXContainerItemProxy;
			containerPortal = DFEFE9D023321E7400E13BA7 /* Project object */;
			proxyType = 1;
			remoteGlobalIDString = DFEFE9D723321E7400E13BA7;
			remoteInfo = PhoneBook;
		};
/* End PBXContainerItemProxy section */

/* Begin PBXFileReference section */
		DFEFE9D823321E7400E13BA7 /* PhoneBook.app */ = {isa = PBXFileReference; explicitFileType = wrapper.application; includeInIndex = 0; path = PhoneBook.app; sourceTree = BUILT_PRODUCTS_DIR; };
		DFEFE9DB23321E7400E13BA7 /* AppDelegate.swift */ = {isa = PBXFileReference; lastKnownFileType = sourcecode.swift; path = AppDelegate.swift; sourceTree = "<group>"; };
		DFEFE9DD23321E7400E13BA7 /* ViewController.swift */ = {isa = PBXFileReference; lastKnownFileType = sourcecode.swift; path = ViewController.swift; sourceTree = "<group>"; };
		DFEFE9E023321E7400E13BA7 /* Base */ = {isa = PBXFileReference; lastKnownFileType = file.storyboard; name = Base; path = Base.lproj/Main.storyboard; sourceTree = "<group>"; };
		DFEFE9E223321E7700E13BA7 /* Assets.xcassets */ = {isa = PBXFileReference; lastKnownFileType = folder.assetcatalog; path = Assets.xcassets; sourceTree = "<group>"; };
		DFEFE9E523321E7700E13BA7 /* Base */ = {isa = PBXFileReference; lastKnownFileType = file.storyboard; name = Base; path = Base.lproj/LaunchScreen.storyboard; sourceTree = "<group>"; };
		DFEFE9E723321E7700E13BA7 /* Info.plist */ = {isa = PBXFileReference; lastKnownFileType = text.plist.xml; path = Info.plist; sourceTree = "<group>"; };
		DFEFE9EC23321E7700E13BA7 /* PhoneBookTests.xctest */ = {isa = PBXFileReference; explicitFileType = wrapper.cfbundle; includeInIndex = 0; path = PhoneBookTests.xctest; sourceTree = BUILT_PRODUCTS_DIR; };
		DFEFE9F023321E7700E13BA7 /* PhoneBookTests.swift */ = {isa = PBXFileReference; lastKnownFileType = sourcecode.swift; path = PhoneBookTests.swift; sourceTree = "<group>"; };
		DFEFE9F223321E7700E13BA7 /* Info.plist */ = {isa = PBXFileReference; lastKnownFileType = text.plist.xml; path = Info.plist; sourceTree = "<group>"; };
		DFEFE9F723321E7700E13BA7 /* PhoneBookUITests.xctest */ = {isa = PBXFileReference; explicitFileType = wrapper.cfbundle; includeInIndex = 0; path = PhoneBookUITests.xctest; sourceTree = BUILT_PRODUCTS_DIR; };
		DFEFE9FB23321E7700E13BA7 /* PhoneBookUITests.swift */ = {isa = PBXFileReference; lastKnownFileType = sourcecode.swift; path = PhoneBookUITests.swift; sourceTree = "<group>"; };
		DFEFE9FD23321E7700E13BA7 /* Info.plist */ = {isa = PBXFileReference; lastKnownFileType = text.plist.xml; path = Info.plist; sourceTree = "<group>"; };
/* End PBXFileReference section */

/* Begin PBXFrameworksBuildPhase section */
		DFEFE9D523321E7400E13BA7 /* Frameworks */ = {
			isa = PBXFrameworksBuildPhase;
			buildActionMask = 2147483647;
			files = (
			);
			runOnlyForDeploymentPostprocessing = 0;
		};
		DFEFE9E923321E7700E13BA7 /* Frameworks */ = {
			isa = PBXFrameworksBuildPhase;
			buildActionMask = 2147483647;
			files = (
			);
			runOnlyForDeploymentPostprocessing = 0;
		};
		DFEFE9F423321E7700E13BA7 /* Frameworks */ = {
			isa = PBXFrameworksBuildPhase;
			buildActionMask = 2147483647;
			files = (
			);
			runOnlyForDeploymentPostprocessing = 0;
		};
/* End PBXFrameworksBuildPhase section */

/* Begin PBXGroup section */
		DFEFE9CF23321E7400E13BA7 = {
			isa = PBXGroup;
			children = (
				DFEFE9DA23321E7400E13BA7 /* PhoneBook */,
				DFEFE9EF23321E7700E13BA7 /* PhoneBookTests */,
				DFEFE9FA23321E7700E13BA7 /* PhoneBookUITests */,
				DFEFE9D923321E7400E13BA7 /* Products */,
			);
			sourceTree = "<group>";
		};
		DFEFE9D923321E7400E13BA7 /* Products */ = {
			isa = PBXGroup;
			children = (
				DFEFE9D823321E7400E13BA7 /* PhoneBook.app */,
				DFEFE9EC23321E7700E13BA7 /* PhoneBookTests.xctest */,
				DFEFE9F723321E7700E13BA7 /* PhoneBookUITests.xctest */,
			);
			name = Products;
			sourceTree = "<group>";
		};
		DFEFE9DA23321E7400E13BA7 /* PhoneBook */ = {
			isa = PBXGroup;
			children = (
				DFEFE9DB23321E7400E13BA7 /* AppDelegate.swift */,
				DFEFE9DD23321E7400E13BA7 /* ViewController.swift */,
				DFEFE9DF23321E7400E13BA7 /* Main.storyboard */,
				DFEFE9E223321E7700E13BA7 /* Assets.xcassets */,
				DFEFE9E423321E7700E13BA7 /* LaunchScreen.storyboard */,
				DFEFE9E723321E7700E13BA7 /* Info.plist */,
			);
			path = PhoneBook;
			sourceTree = "<group>";
		};
		DFEFE9EF23321E7700E13BA7 /* PhoneBookTests */ = {
			isa = PBXGroup;
			children = (
				DFEFE9F023321E7700E13BA7 /* PhoneBookTests.swift */,
				DFEFE9F223321E7700E13BA7 /* Info.plist */,
			);
			path = PhoneBookTests;
			sourceTree = "<group>";
		};
		DFEFE9FA23321E7700E13BA7 /* PhoneBookUITests */ = {
			isa = PBXGroup;
			children = (
				DFEFE9FB23321E7700E13BA7 /* PhoneBookUITests.swift */,
				DFEFE9FD23321E7700E13BA7 /* Info.plist */,
			);
			path = PhoneBookUITests;
			sourceTree = "<group>";
		};
/* End PBXGroup section */

/* Begin PBXNativeTarget section */
		DFEFE9D723321E7400E13BA7 /* PhoneBook */ = {
			isa = PBXNativeTarget;
			buildConfigurationList = DFEFEA0023321E7700E13BA7 /* Build configuration list for PBXNativeTarget "PhoneBook" */;
			buildPhases = (
				DFEFE9D423321E7400E13BA7 /* Sources */,
				DFEFE9D523321E7400E13BA7 /* Frameworks */,
				DFEFE9D623321E7400E13BA7 /* Resources */,
			);
			buildRules = (
			);
			dependencies = (
			);
			name = PhoneBook;
			productName = PhoneBook;
			productReference = DFEFE9D823321E7400E13BA7 /* PhoneBook.app */;
			productType = "com.apple.product-type.application";
		};
		DFEFE9EB23321E7700E13BA7 /* PhoneBookTests */ = {
			isa = PBXNativeTarget;
			buildConfigurationList = DFEFEA0323321E7700E13BA7 /* Build configuration list for PBXNativeTarget "PhoneBookTests" */;
			buildPhases = (
				DFEFE9E823321E7700E13BA7 /* Sources */,
				DFEFE9E923321E7700E13BA7 /* Frameworks */,
				DFEFE9EA23321E7700E13BA7 /* Resources */,
			);
			buildRules = (
			);
			dependencies = (
				DFEFE9EE23321E7700E13BA7 /* PBXTargetDependency */,
			);
			name = PhoneBookTests;
			productName = PhoneBookTests;
			productReference = DFEFE9EC23321E7700E13BA7 /* PhoneBookTests.xctest */;
			productType = "com.apple.product-type.bundle.unit-test";
		};
		DFEFE9F623321E7700E13BA7 /* PhoneBookUITests */ = {
			isa = PBXNativeTarget;
			buildConfigurationList = DFEFEA0623321E7700E13BA7 /* Build configuration list for PBXNativeTarget "PhoneBookUITests" */;
			buildPhases = (
				DFEFE9F323321E7700E13BA7 /* Sources */,
				DFEFE9F423321E7700E13BA7 /* Frameworks */,
				DFEFE9F523321E7700E13BA7 /* Resources */,
			);
			buildRules = (
			);
			dependencies = (
				DFEFE9F923321E7700E13BA7 /* PBXTargetDependency */,
			);
			name = PhoneBookUITests;
			productName = PhoneBookUITests;
			productReference = DFEFE9F723321E7700E13BA7 /* PhoneBookUITests.xctest */;
			productType = "com.apple.product-type.bundle.ui-testing";
		};
/* End PBXNativeTarget section */

/* Begin PBXProject section */
		DFEFE9D023321E7400E13BA7 /* Project object */ = {
			isa = PBXProject;
			attributes = {
				LastSwiftUpdateCheck = 0940;
				LastUpgradeCheck = 0940;
				ORGANIZATIONNAME = 20145184;
				TargetAttributes = {
					DFEFE9D723321E7400E13BA7 = {
						CreatedOnToolsVersion = 9.4.1;
					};
					DFEFE9EB23321E7700E13BA7 = {
						CreatedOnToolsVersion = 9.4.1;
						TestTargetID = DFEFE9D723321E7400E13BA7;
					};
					DFEFE9F623321E7700E13BA7 = {
						CreatedOnToolsVersion = 9.4.1;
						TestTargetID = DFEFE9D723321E7400E13BA7;
					};
				};
			};
			buildConfigurationList = DFEFE9D323321E7400E13BA7 /* Build configuration list for PBXProject "PhoneBook" */;
			compatibilityVersion = "Xcode 9.3";
			developmentRegion = en;
			hasScannedForEncodings = 0;
			knownRegions = (
				en,
				Base,
			);
			mainGroup = DFEFE9CF23321E7400E13BA7;
			productRefGroup = DFEFE9D923321E7400E13BA7 /* Products */;
			projectDirPath = "";
			projectRoot = "";
			targets = (
				DFEFE9D723321E7400E13BA7 /* PhoneBook */,
				DFEFE9EB23321E7700E13BA7 /* PhoneBookTests */,
				DFEFE9F623321E7700E13BA7 /* PhoneBookUITests */,
			);
		};
/* End PBXProject section */

/* Begin PBXResourcesBuildPhase section */
		DFEFE9D623321E7400E13BA7 /* Resources */ = {
			isa = PBXResourcesBuildPhase;
			buildActionMask = 2147483647;
			files = (
				DFEFE9E623321E7700E13BA7 /* LaunchScreen.storyboard in Resources */,
				DFEFE9E323321E7700E13BA7 /* Assets.xcassets in Resources */,
				DFEFE9E123321E7400E13BA7 /* Main.storyboard in Resources */,
			);
			runOnlyForDeploymentPostprocessing = 0;
		};
		DFEFE9EA23321E7700E13BA7 /* Resources */ = {
			isa = PBXResourcesBuildPhase;
			buildActionMask = 2147483647;
			files = (
			);
			runOnlyForDeploymentPostprocessing = 0;
		};
		DFEFE9F523321E7700E13BA7 /* Resources */ = {
			isa = PBXResourcesBuildPhase;
			buildActionMask = 2147483647;
			files = (
			);
			runOnlyForDeploymentPostprocessing = 0;
		};
/* End PBXResourcesBuildPhase section */

/* Begin PBXSourcesBuildPhase section */
		DFEFE9D423321E7400E13BA7 /* Sources */ = {
			isa = PBXSourcesBuildPhase;
			buildActionMask = 2147483647;
			files = (
				DFEFE9DE23321E7400E13BA7 /* ViewController.swift in Sources */,
				DFEFE9DC23321E7400E13BA7 /* AppDelegate.swift in Sources */,
			);
			runOnlyForDeploymentPostprocessing = 0;
		};
		DFEFE9E823321E7700E13BA7 /* Sources */ = {
			isa = PBXSourcesBuildPhase;
			buildActionMask = 2147483647;
			files = (
				DFEFE9F123321E7700E13BA7 /* PhoneBookTests.swift in Sources */,
			);
			runOnlyForDeploymentPostprocessing = 0;
		};
		DFEFE9F323321E7700E13BA7 /* Sources */ = {
			isa = PBXSourcesBuildPhase;
			buildActionMask = 2147483647;
			files = (
				DFEFE9FC23321E7700E13BA7 /* PhoneBookUITests.swift in Sources */,
			);
			runOnlyForDeploymentPostprocessing = 0;
		};
/* End PBXSourcesBuildPhase section */

/* Begin PBXTargetDependency section */
		DFEFE9EE23321E7700E13BA7 /* PBXTargetDependency */ = {
			isa = PBXTargetDependency;
			target = DFEFE9D723321E7400E13BA7 /* PhoneBook */;
			targetProxy = DFEFE9ED23321E7700E13BA7 /* PBXContainerItemProxy */;
		};
		DFEFE9F923321E7700E13BA7 /* PBXTargetDependency */ = {
			isa = PBXTargetDependency;
			target = DFEFE9D723321E7400E13BA7 /* PhoneBook */;
			targetProxy = DFEFE9F823321E7700E13BA7 /* PBXContainerItemProxy */;
		};
/* End PBXTargetDependency section */

/* Begin PBXVariantGroup section */
		DFEFE9DF23321E7400E13BA7 /* Main.storyboard */ = {
			isa = PBXVariantGroup;
			children = (
				DFEFE9E023321E7400E13BA7 /* Base */,
			);
			name = Main.storyboard;
			sourceTree = "<group>";
		};
		DFEFE9E423321E7700E13BA7 /* LaunchScreen.storyboard */ = {
			isa = PBXVariantGroup;
			children = (
				DFEFE9E523321E7700E13BA7 /* Base */,
			);
			name = LaunchScreen.storyboard;
			sourceTree = "<group>";
		};
/* End PBXVariantGroup section */

/* Begin XCBuildConfiguration section */
		DFEFE9FE23321E7700E13BA7 /* Debug */ = {
			isa = XCBuildConfiguration;
			buildSettings = {
				ALWAYS_SEARCH_USER_PATHS = NO;
				CLANG_ANALYZER_NONNULL = YES;
				CLANG_ANALYZER_NUMBER_OBJECT_CONVERSION = YES_AGGRESSIVE;
				CLANG_CXX_LANGUAGE_STANDARD = "gnu++14";
				CLANG_CXX_LIBRARY = "libc++";
				CLANG_ENABLE_MODULES = YES;
				CLANG_ENABLE_OBJC_ARC = YES;
				CLANG_ENABLE_OBJC_WEAK = YES;
				CLANG_WARN_BLOCK_CAPTURE_AUTORELEASING = YES;
				CLANG_WARN_BOOL_CONVERSION = YES;
				CLANG_WARN_COMMA = YES;
				CLANG_WARN_CONSTANT_CONVERSION = YES;
				CLANG_WARN_DEPRECATED_OBJC_IMPLEMENTATIONS = YES;
				CLANG_WARN_DIRECT_OBJC_ISA_USAGE = YES_ERROR;
				CLANG_WARN_DOCUMENTATION_COMMENTS = YES;
				CLANG_WARN_EMPTY_BODY = YES;
				CLANG_WARN_ENUM_CONVERSION = YES;
				CLANG_WARN_INFINITE_RECURSION = YES;
				CLANG_WARN_INT_CONVERSION = YES;
				CLANG_WARN_NON_LITERAL_NULL_CONVERSION = YES;
				CLANG_WARN_OBJC_IMPLICIT_RETAIN_SELF = YES;
				CLANG_WARN_OBJC_LITERAL_CONVERSION = YES;
				CLANG_WARN_OBJC_ROOT_CLASS = YES_ERROR;
				CLANG_WARN_RANGE_LOOP_ANALYSIS = YES;
				CLANG_WARN_STRICT_PROTOTYPES = YES;
				CLANG_WARN_SUSPICIOUS_MOVE = YES;
				CLANG_WARN_UNGUARDED_AVAILABILITY = YES_AGGRESSIVE;
				CLANG_WARN_UNREACHABLE_CODE = YES;
				CLANG_WARN__DUPLICATE_METHOD_MATCH = YES;
				CODE_SIGN_IDENTITY = "iPhone Developer";
				COPY_PHASE_STRIP = NO;
				DEBUG_INFORMATION_FORMAT = dwarf;
				ENABLE_STRICT_OBJC_MSGSEND = YES;
				ENABLE_TESTABILITY = YES;
				GCC_C_LANGUAGE_STANDARD = gnu11;
				GCC_DYNAMIC_NO_PIC = NO;
				GCC_NO_COMMON_BLOCKS = YES;
				GCC_OPTIMIZATION_LEVEL = 0;
				GCC_PREPROCESSOR_DEFINITIONS = (
					"DEBUG=1",
					"$(inherited)",
				);
				GCC_WARN_64_TO_32_BIT_CONVERSION = YES;
				GCC_WARN_ABOUT_RETURN_TYPE = YES_ERROR;
				GCC_WARN_UNDECLARED_SELECTOR = YES;
				GCC_WARN_UNINITIALIZED_AUTOS = YES_AGGRESSIVE;
				GCC_WARN_UNUSED_FUNCTION = YES;
				GCC_WARN_UNUSED_VARIABLE = YES;
				IPHONEOS_DEPLOYMENT_TARGET = 11.4;
				MTL_ENABLE_DEBUG_INFO = YES;
				ONLY_ACTIVE_ARCH = YES;
				SDKROOT = iphoneos;
				SWIFT_ACTIVE_COMPILATION_CONDITIONS = DEBUG;
				SWIFT_OPTIMIZATION_LEVEL = "-Onone";
			};
			name = Debug;
		};
		DFEFE9FF23321E7700E13BA7 /* Release */ = {
			isa = XCBuildConfiguration;
			buildSettings = {
				ALWAYS_SEARCH_USER_PATHS = NO;
				CLANG_ANALYZER_NONNULL = YES;
				CLANG_ANALYZER_NUMBER_OBJECT_CONVERSION = YES_AGGRESSIVE;
				CLANG_CXX_LANGUAGE_STANDARD = "gnu++14";
				CLANG_CXX_LIBRARY = "libc++";
				CLANG_ENABLE_MODULES = YES;
				CLANG_ENABLE_OBJC_ARC = YES;
				CLANG_ENABLE_OBJC_WEAK = YES;
				CLANG_WARN_BLOCK_CAPTURE_AUTORELEASING = YES;
				CLANG_WARN_BOOL_CONVERSION = YES;
				CLANG_WARN_COMMA = YES;
				CLANG_WARN_CONSTANT_CONVERSION = YES;
				CLANG_WARN_DEPRECATED_OBJC_IMPLEMENTATIONS = YES;
				CLANG_WARN_DIRECT_OBJC_ISA_USAGE = YES_ERROR;
				CLANG_WARN_DOCUMENTATION_COMMENTS = YES;
				CLANG_WARN_EMPTY_BODY = YES;
				CLANG_WARN_ENUM_CONVERSION = YES;
				CLANG_WARN_INFINITE_RECURSION = YES;
				CLANG_WARN_INT_CONVERSION = YES;
				CLANG_WARN_NON_LITERAL_NULL_CONVERSION = YES;
				CLANG_WARN_OBJC_IMPLICIT_RETAIN_SELF = YES;
				CLANG_WARN_OBJC_LITERAL_CONVERSION = YES;
				CLANG_WARN_OBJC_ROOT_CLASS = YES_ERROR;
				CLANG_WARN_RANGE_LOOP_ANALYSIS = YES;
				CLANG_WARN_STRICT_PROTOTYPES = YES;
				CLANG_WARN_SUSPICIOUS_MOVE = YES;
				CLANG_WARN_UNGUARDED_AVAILABILITY = YES_AGGRESSIVE;
				CLANG_WARN_UNREACHABLE_CODE = YES;
				CLANG_WARN__DUPLICATE_METHOD_MATCH = YES;
				CODE_SIGN_IDENTITY = "iPhone Developer";
				COPY_PHASE_STRIP = NO;
				DEBUG_INFORMATION_FORMAT = "dwarf-with-dsym";
				ENABLE_NS_ASSERTIONS = NO;
				ENABLE_STRICT_OBJC_MSGSEND = YES;
				GCC_C_LANGUAGE_STANDARD = gnu11;
				GCC_NO_COMMON_BLOCKS = YES;
				GCC_WARN_64_TO_32_BIT_CONVERSION = YES;
				GCC_WARN_ABOUT_RETURN_TYPE = YES_ERROR;
				GCC_WARN_UNDECLARED_SELECTOR = YES;
				GCC_WARN_UNINITIALIZED_AUTOS = YES_AGGRESSIVE;
				GCC_WARN_UNUSED_FUNCTION = YES;
				GCC_WARN_UNUSED_VARIABLE = YES;
				IPHONEOS_DEPLOYMENT_TARGET = 11.4;
				MTL_ENABLE_DEBUG_INFO = NO;
				SDKROOT = iphoneos;
				SWIFT_COMPILATION_MODE = wholemodule;
				SWIFT_OPTIMIZATION_LEVEL = "-O";
				VALIDATE_PRODUCT = YES;
			};
			name = Release;
		};
		DFEFEA0123321E7700E13BA7 /* Debug */ = {
			isa = XCBuildConfiguration;
			buildSettings = {
				ASSETCATALOG_COMPILER_APPICON_NAME = AppIcon;
				CODE_SIGN_STYLE = Automatic;
				INFOPLIST_FILE = PhoneBook/Info.plist;
				LD_RUNPATH_SEARCH_PATHS = (
					"$(inherited)",
					"@executable_path/Frameworks",
				);
				PRODUCT_BUNDLE_IDENTIFIER = "-0145184.PhoneBook";
				PRODUCT_NAME = "$(TARGET_NAME)";
				SWIFT_VERSION = 4.0;
				TARGETED_DEVICE_FAMILY = "1,2";
			};
			name = Debug;
		};
		DFEFEA0223321E7700E13BA7 /* Release */ = {
			isa = XCBuildConfiguration;
			buildSettings = {
				ASSETCATALOG_COMPILER_APPICON_NAME = AppIcon;
				CODE_SIGN_STYLE = Automatic;
				INFOPLIST_FILE = PhoneBook/Info.plist;
				LD_RUNPATH_SEARCH_PATHS = (
					"$(inherited)",
					"@executable_path/Frameworks",
				);
				PRODUCT_BUNDLE_IDENTIFIER = "-0145184.PhoneBook";
				PRODUCT_NAME = "$(TARGET_NAME)";
				SWIFT_VERSION = 4.0;
				TARGETED_DEVICE_FAMILY = "1,2";
			};
			name = Release;
		};
		DFEFEA0423321E7700E13BA7 /* Debug */ = {
			isa = XCBuildConfiguration;
			buildSettings = {
				ALWAYS_EMBED_SWIFT_STANDARD_LIBRARIES = YES;
				BUNDLE_LOADER = "$(TEST_HOST)";
				CODE_SIGN_STYLE = Automatic;
				INFOPLIST_FILE = PhoneBookTests/Info.plist;
				LD_RUNPATH_SEARCH_PATHS = (
					"$(inherited)",
					"@executable_path/Frameworks",
					"@loader_path/Frameworks",
				);
				PRODUCT_BUNDLE_IDENTIFIER = "-0145184.PhoneBookTests";
				PRODUCT_NAME = "$(TARGET_NAME)";
				SWIFT_VERSION = 4.0;
				TARGETED_DEVICE_FAMILY = "1,2";
				TEST_HOST = "$(BUILT_PRODUCTS_DIR)/PhoneBook.app/PhoneBook";
			};
			name = Debug;
		};
		DFEFEA0523321E7700E13BA7 /* Release */ = {
			isa = XCBuildConfiguration;
			buildSettings = {
				ALWAYS_EMBED_SWIFT_STANDARD_LIBRARIES = YES;
				BUNDLE_LOADER = "$(TEST_HOST)";
				CODE_SIGN_STYLE = Automatic;
				INFOPLIST_FILE = PhoneBookTests/Info.plist;
				LD_RUNPATH_SEARCH_PATHS = (
					"$(inherited)",
					"@executable_path/Frameworks",
					"@loader_path/Frameworks",
				);
				PRODUCT_BUNDLE_IDENTIFIER = "-0145184.PhoneBookTests";
				PRODUCT_NAME = "$(TARGET_NAME)";
				SWIFT_VERSION = 4.0;
				TARGETED_DEVICE_FAMILY = "1,2";
				TEST_HOST = "$(BUILT_PRODUCTS_DIR)/PhoneBook.app/PhoneBook";
			};
			name = Release;
		};
		DFEFEA0723321E7700E13BA7 /* Debug */ = {
			isa = XCBuildConfiguration;
			buildSettings = {
				ALWAYS_EMBED_SWIFT_STANDARD_LIBRARIES = YES;
				CODE_SIGN_STYLE = Automatic;
				INFOPLIST_FILE = PhoneBookUITests/Info.plist;
				LD_RUNPATH_SEARCH_PATHS = (
					"$(inherited)",
					"@executable_path/Frameworks",
					"@loader_path/Frameworks",
				);
				PRODUCT_BUNDLE_IDENTIFIER = "-0145184.PhoneBookUITests";
				PRODUCT_NAME = "$(TARGET_NAME)";
				SWIFT_VERSION = 4.0;
				TARGETED_DEVICE_FAMILY = "1,2";
				TEST_TARGET_NAME = PhoneBook;
			};
			name = Debug;
		};
		DFEFEA0823321E7700E13BA7 /* Release */ = {
			isa = XCBuildConfiguration;
			buildSettings = {
				ALWAYS_EMBED_SWIFT_STANDARD_LIBRARIES = YES;
				CODE_SIGN_STYLE = Automatic;
				INFOPLIST_FILE = PhoneBookUITests/Info.plist;
				LD_RUNPATH_SEARCH_PATHS = (
					"$(inherited)",
					"@executable_path/Frameworks",
					"@loader_path/Frameworks",
				);
				PRODUCT_BUNDLE_IDENTIFIER = "-0145184.PhoneBookUITests";
				PRODUCT_NAME = "$(TARGET_NAME)";
				SWIFT_VERSION = 4.0;
				TARGETED_DEVICE_FAMILY = "1,2";
				TEST_TARGET_NAME = PhoneBook;
			};
			name = Release;
		};
/* End XCBuildConfiguration section */

/* Begin XCConfigurationList section */
		DFEFE9D323321E7400E13BA7 /* Build configuration list for PBXProject "PhoneBook" */ = {
			isa = XCConfigurationList;
			buildConfigurations = (
				DFEFE9FE23321E7700E13BA7 /* Debug */,
				DFEFE9FF23321E7700E13BA7 /* Release */,
			);
			defaultConfigurationIsVisible = 0;
			defaultConfigurationName = Release;
		};
		DFEFEA0023321E7700E13BA7 /* Build configuration list for PBXNativeTarget "PhoneBook" */ = {
			isa = XCConfigurationList;
			buildConfigurations = (
				DFEFEA0123321E7700E13BA7 /* Debug */,
				DFEFEA0223321E7700E13BA7 /* Release */,
			);
			defaultConfigurationIsVisible = 0;
			defaultConfigurationName = Release;
		};
		DFEFEA0323321E7700E13BA7 /* Build configuration list for PBXNativeTarget "PhoneBookTests" */ = {
			isa = XCConfigurationList;
			buildConfigurations = (
				DFEFEA0423321E7700E13BA7 /* Debug */,
				DFEFEA0523321E7700E13BA7 /* Release */,
			);
			defaultConfigurationIsVisible = 0;
			defaultConfigurationName = Release;
		};
		DFEFEA0623321E7700E13BA7 /* Build configuration list for PBXNativeTarget "PhoneBookUITests" */ = {
			isa = XCConfigurationList;
			buildConfigurations = (
				DFEFEA0723321E7700E13BA7 /* Debug */,
				DFEFEA0823321E7700E13BA7 /* Release */,
			);
			defaultConfigurationIsVisible = 0;
			defaultConfigurationName = Release;
		};
/* End XCConfigurationList section */
	};
	rootObject = DFEFE9D023321E7400E13BA7 /* Project object */;
}
